{
  "originHash" : "05ac0984d32eefc4264e4a9d547f69eed140022eab3aac7f82c3d62ac71da937",
  "pins" : [
    {
      "identity" : "dynamicnotchkit",
      "kind" : "remoteSourceControl",
      "location" : "https://github.com/MrKai77/DynamicNotchKit.git",
      "state" : {
        "revision" : "3c405930fd4d9f8498303683f32492c26d3a9b2b",
        "version" : "1.0.0"
      }
    }
  ],
  "version" : 3
}
